
Microsoft Visual Studio Solution File, Format Version 12.00
# Visual Studio Version 16
VisualStudioVersion = 16.0.31129.286
MinimumVisualStudioVersion = 10.0.40219.1
Project("{FAE04EC0-301F-11D3-BF4B-00C04F79EFBC}") = "s1", "s1\s1.csproj", "{BDD3BB99-3F21-43D7-B15D-7EB20CAC714E}"
EndProject
Global
	GlobalSection(SolutionConfigurationPlatforms) = preSolution
		Debug|Any CPU = Debug|Any CPU
		Release|Any CPU = Release|Any CPU
	EndGlobalSection
	GlobalSection(ProjectConfigurationPlatforms) = postSolution
		{BDD3BB99-3F21-43D7-B15D-7EB20CAC714E}.Debug|Any CPU.ActiveCfg = Debug|Any CPU
		{BDD3BB99-3F21-43D7-B15D-7EB20CAC714E}.Debug|Any CPU.Build.0 = Debug|Any CPU
		{BDD3BB99-3F21-43D7-B15D-7EB20CAC714E}.Release|Any CPU.ActiveCfg = Release|Any CPU
		{BDD3BB99-3F21-43D7-B15D-7EB20CAC714E}.Release|Any CPU.Build.0 = Release|Any CPU
	EndGlobalSection
	GlobalSection(SolutionProperties) = preSolution
		HideSolutionNode = FALSE
	EndGlobalSection
	GlobalSection(ExtensibilityGlobals) = postSolution
		SolutionGuid = {36469CA6-06E3-46F3-A347-3A61C7CD093E}
	EndGlobalSection
EndGlobal
